PODS:
  - SRToast (0.1.0)
  - TransitionPatch (1.0.5)
  - Verge/ObjcBridge (8.17.0)
  - Verge/Store (8.17.0):
    - Verge/ObjcBridge
  - XibFrame (0.1.1)

DEPENDENCIES:
  - SRToast
  - TransitionPatch
  - Verge/Store (>= 8.9.1)
  - XibFrame

SPEC REPOS:
  https://gitee.com/sr_lele/Specs:
    - SRToast
    - TransitionPatch
    - XibFrame
  https://github.com/CocoaPods/Specs.git:
    - Verge

SPEC CHECKSUMS:
  SRToast: ee8e4509b561bfc8e60cc2587db8b9459cc3f29b
  TransitionPatch: e401775146cbe326605b7009c7e7442184a444f0
  Verge: 9e64bebe2b23440651213983ebc9e6f0fb78d8f4
  XibFrame: 153e47c762c49e4f081a2a18b97fdc594221e2bf

PODFILE CHECKSUM: 5dd2db6fb1abceb8c5d6062bc78cd7d5fe84b15c

COCOAPODS: 1.15.2
