// !$*UTF8*$!
{
	archiveVersion = 1;
	classes = {
	};
	objectVersion = 51;
	objects = {

/* Begin PBXBuildFile section */
		4EA06815DBC0DE8CC9718FED /* Pods_SRAlbum.framework in Frameworks */ = {isa = PBXBuildFile; fileRef = 0BA766676E62E8093F18AF6A /* Pods_SRAlbum.framework */; };
		D424EE41F2F8DE087C66D4E4 /* Pods_SRAlbumTests.framework in Frameworks */ = {isa = PBXBuildFile; fileRef = 4F24416C4739FF9604DC0AA1 /* Pods_SRAlbumTests.framework */; };
		D605F1F926B78F1B00C9391E /* SRCameraViewController.swift in Sources */ = {isa = PBXBuildFile; fileRef = D605F1F726B78F1B00C9391E /* SRCameraViewController.swift */; };
		D605F1FA26B78F1B00C9391E /* SRCameraViewController.xib in Resources */ = {isa = PBXBuildFile; fileRef = D605F1F826B78F1B00C9391E /* SRCameraViewController.xib */; };
		D605F1FD26B7DAD200C9391E /* SRCameraView.swift in Sources */ = {isa = PBXBuildFile; fileRef = D605F1FC26B7DAD200C9391E /* SRCameraView.swift */; };
		D60ACBDB26B8C34A00914DAE /* CIFeatureRect.swift in Sources */ = {isa = PBXBuildFile; fileRef = D60ACBDA26B8C34A00914DAE /* CIFeatureRect.swift */; };
		D60ACBDF26B8E1A000914DAE /* CameraTool.m in Sources */ = {isa = PBXBuildFile; fileRef = D60ACBDE26B8E1A000914DAE /* CameraTool.m */; };
		D6400C3323FFA48600DF5639 /* ResultViewController.swift in Sources */ = {isa = PBXBuildFile; fileRef = D6400C3123FFA48600DF5639 /* ResultViewController.swift */; };
		D6400C3423FFA48600DF5639 /* ResultViewController.xib in Resources */ = {isa = PBXBuildFile; fileRef = D6400C3223FFA48600DF5639 /* ResultViewController.xib */; };
		D6400C3723FFA4F800DF5639 /* ShowTableViewCell.swift in Sources */ = {isa = PBXBuildFile; fileRef = D6400C3523FFA4F800DF5639 /* ShowTableViewCell.swift */; };
		D6400C3823FFA4F800DF5639 /* ShowTableViewCell.xib in Resources */ = {isa = PBXBuildFile; fileRef = D6400C3623FFA4F800DF5639 /* ShowTableViewCell.xib */; };
		D64CC53526C6145100B025DB /* SRPlayerView.swift in Sources */ = {isa = PBXBuildFile; fileRef = D64CC53426C6145100B025DB /* SRPlayerView.swift */; };
		D692B7AA23D5789700015DE5 /* AssetCollection.swift in Sources */ = {isa = PBXBuildFile; fileRef = D692B7A923D5789700015DE5 /* AssetCollection.swift */; };
		D692B7AD23D57F2300015DE5 /* TopSwitchButton.swift in Sources */ = {isa = PBXBuildFile; fileRef = D692B7AC23D57F2300015DE5 /* TopSwitchButton.swift */; };
		D692B7B123D57F5E00015DE5 /* TopSwitchButton.xib in Resources */ = {isa = PBXBuildFile; fileRef = D692B7B023D57F5E00015DE5 /* TopSwitchButton.xib */; };
		D692B7B323D58CA300015DE5 /* GroupView.swift in Sources */ = {isa = PBXBuildFile; fileRef = D692B7B223D58CA300015DE5 /* GroupView.swift */; };
		D692B7B523D58CB100015DE5 /* GroupView.xib in Resources */ = {isa = PBXBuildFile; fileRef = D692B7B423D58CB100015DE5 /* GroupView.xib */; };
		D692B7BC23D5977600015DE5 /* SRAldumGroupTableViewCell.swift in Sources */ = {isa = PBXBuildFile; fileRef = D692B7BA23D5977600015DE5 /* SRAldumGroupTableViewCell.swift */; };
		D692B7BD23D5977600015DE5 /* SRAldumGroupTableViewCell.xib in Resources */ = {isa = PBXBuildFile; fileRef = D692B7BB23D5977600015DE5 /* SRAldumGroupTableViewCell.xib */; };
		D692B7BF23D59B1300015DE5 /* SRHelper.swift in Sources */ = {isa = PBXBuildFile; fileRef = D692B7BE23D59B1300015DE5 /* SRHelper.swift */; };
		D692B7C123D59B7400015DE5 /* AssetImage.swift in Sources */ = {isa = PBXBuildFile; fileRef = D692B7C023D59B7400015DE5 /* AssetImage.swift */; };
		D692B7C423D5A64500015DE5 /* SRAlbumImageCell.swift in Sources */ = {isa = PBXBuildFile; fileRef = D692B7C223D5A64500015DE5 /* SRAlbumImageCell.swift */; };
		D692B7C523D5A64500015DE5 /* SRAlbumImageCell.xib in Resources */ = {isa = PBXBuildFile; fileRef = D692B7C323D5A64500015DE5 /* SRAlbumImageCell.xib */; };
		D697988B23D19C3C0009E906 /* AppDelegate.swift in Sources */ = {isa = PBXBuildFile; fileRef = D697988A23D19C3C0009E906 /* AppDelegate.swift */; };
		D697988D23D19C3C0009E906 /* SceneDelegate.swift in Sources */ = {isa = PBXBuildFile; fileRef = D697988C23D19C3C0009E906 /* SceneDelegate.swift */; };
		D697988F23D19C3C0009E906 /* ViewController.swift in Sources */ = {isa = PBXBuildFile; fileRef = D697988E23D19C3C0009E906 /* ViewController.swift */; };
		D697989223D19C3C0009E906 /* Main.storyboard in Resources */ = {isa = PBXBuildFile; fileRef = D697989023D19C3C0009E906 /* Main.storyboard */; };
		D697989423D19C3D0009E906 /* Assets.xcassets in Resources */ = {isa = PBXBuildFile; fileRef = D697989323D19C3D0009E906 /* Assets.xcassets */; };
		D697989723D19C3D0009E906 /* LaunchScreen.storyboard in Resources */ = {isa = PBXBuildFile; fileRef = D697989523D19C3D0009E906 /* LaunchScreen.storyboard */; };
		D69798A223D19C3E0009E906 /* SRAlbumTests.swift in Sources */ = {isa = PBXBuildFile; fileRef = D69798A123D19C3E0009E906 /* SRAlbumTests.swift */; };
		D69798AD23D19C3E0009E906 /* SRAlbumUITests.swift in Sources */ = {isa = PBXBuildFile; fileRef = D69798AC23D19C3E0009E906 /* SRAlbumUITests.swift */; };
		D69798BC23D19C9E0009E906 /* SRAlbum.swift in Sources */ = {isa = PBXBuildFile; fileRef = D69798BB23D19C9E0009E906 /* SRAlbum.swift */; };
		D69798CE23D1BA900009E906 /* SRAlbumController.swift in Sources */ = {isa = PBXBuildFile; fileRef = D69798CC23D1BA900009E906 /* SRAlbumController.swift */; };
		D69798CF23D1BA900009E906 /* SRAlbumController.xib in Resources */ = {isa = PBXBuildFile; fileRef = D69798CD23D1BA900009E906 /* SRAlbumController.xib */; };
		D6A51A5823F9519300295F3F /* SRAlbumTip.swift in Sources */ = {isa = PBXBuildFile; fileRef = D6A51A5723F9519300295F3F /* SRAlbumTip.swift */; };
		D6A51AD723F992B200295F3F /* SRAlbumEidtView.swift in Sources */ = {isa = PBXBuildFile; fileRef = D6A51AD623F992B200295F3F /* SRAlbumEidtView.swift */; };
		D6A51AD923F9944400295F3F /* SRAlbumEidtView.xib in Resources */ = {isa = PBXBuildFile; fileRef = D6A51AD823F9944400295F3F /* SRAlbumEidtView.xib */; };
		D6ED18A423D7CE8D0094C06E /* SRAlbumBrowseController.swift in Sources */ = {isa = PBXBuildFile; fileRef = D6ED18A223D7CE8D0094C06E /* SRAlbumBrowseController.swift */; };
		D6ED18A523D7CE8D0094C06E /* SRAlbumBrowseController.xib in Resources */ = {isa = PBXBuildFile; fileRef = D6ED18A323D7CE8D0094C06E /* SRAlbumBrowseController.xib */; };
		D6ED18A923D7F4940094C06E /* SRAlbumSelect.swift in Sources */ = {isa = PBXBuildFile; fileRef = D6ED18A823D7F4940094C06E /* SRAlbumSelect.swift */; };
		D6ED18AC23D7FA6F0094C06E /* SRBrowseImageCell.swift in Sources */ = {isa = PBXBuildFile; fileRef = D6ED18AA23D7FA6F0094C06E /* SRBrowseImageCell.swift */; };
		D6ED18AD23D7FA6F0094C06E /* SRBrowseImageCell.xib in Resources */ = {isa = PBXBuildFile; fileRef = D6ED18AB23D7FA6F0094C06E /* SRBrowseImageCell.xib */; };
		EEF2BADD98E2AEC9E5C69A1C /* Pods_SRAlbum_SRAlbumUITests.framework in Frameworks */ = {isa = PBXBuildFile; fileRef = 02AF499BDBA5F40B02EDB5BA /* Pods_SRAlbum_SRAlbumUITests.framework */; };
/* End PBXBuildFile section */

/* Begin PBXContainerItemProxy section */
		D697989E23D19C3E0009E906 /* PBXContainerItemProxy */ = {
			isa = PBXContainerItemProxy;
			containerPortal = D697987F23D19C3C0009E906 /* Project object */;
			proxyType = 1;
			remoteGlobalIDString = D697988623D19C3C0009E906;
			remoteInfo = SRAlbum;
		};
		D69798A923D19C3E0009E906 /* PBXContainerItemProxy */ = {
			isa = PBXContainerItemProxy;
			containerPortal = D697987F23D19C3C0009E906 /* Project object */;
			proxyType = 1;
			remoteGlobalIDString = D697988623D19C3C0009E906;
			remoteInfo = SRAlbum;
		};
/* End PBXContainerItemProxy section */

/* Begin PBXFileReference section */
		02AF499BDBA5F40B02EDB5BA /* Pods_SRAlbum_SRAlbumUITests.framework */ = {isa = PBXFileReference; explicitFileType = wrapper.framework; includeInIndex = 0; path = Pods_SRAlbum_SRAlbumUITests.framework; sourceTree = BUILT_PRODUCTS_DIR; };
		0BA766676E62E8093F18AF6A /* Pods_SRAlbum.framework */ = {isa = PBXFileReference; explicitFileType = wrapper.framework; includeInIndex = 0; path = Pods_SRAlbum.framework; sourceTree = BUILT_PRODUCTS_DIR; };
		2840AD6197AFE0FF7A987D8F /* Pods-SRAlbumTests.release.xcconfig */ = {isa = PBXFileReference; includeInIndex = 1; lastKnownFileType = text.xcconfig; name = "Pods-SRAlbumTests.release.xcconfig"; path = "Target Support Files/Pods-SRAlbumTests/Pods-SRAlbumTests.release.xcconfig"; sourceTree = "<group>"; };
		3A225E34E374B8104669844E /* Pods-SRAlbum.release.xcconfig */ = {isa = PBXFileReference; includeInIndex = 1; lastKnownFileType = text.xcconfig; name = "Pods-SRAlbum.release.xcconfig"; path = "Target Support Files/Pods-SRAlbum/Pods-SRAlbum.release.xcconfig"; sourceTree = "<group>"; };
		4F24416C4739FF9604DC0AA1 /* Pods_SRAlbumTests.framework */ = {isa = PBXFileReference; explicitFileType = wrapper.framework; includeInIndex = 0; path = Pods_SRAlbumTests.framework; sourceTree = BUILT_PRODUCTS_DIR; };
		882758745B150110BA1F0916 /* Pods-SRAlbumTests.debug.xcconfig */ = {isa = PBXFileReference; includeInIndex = 1; lastKnownFileType = text.xcconfig; name = "Pods-SRAlbumTests.debug.xcconfig"; path = "Target Support Files/Pods-SRAlbumTests/Pods-SRAlbumTests.debug.xcconfig"; sourceTree = "<group>"; };
		ABB47E96394799A9B9F518EC /* Pods-SRAlbum-SRAlbumUITests.debug.xcconfig */ = {isa = PBXFileReference; includeInIndex = 1; lastKnownFileType = text.xcconfig; name = "Pods-SRAlbum-SRAlbumUITests.debug.xcconfig"; path = "Target Support Files/Pods-SRAlbum-SRAlbumUITests/Pods-SRAlbum-SRAlbumUITests.debug.xcconfig"; sourceTree = "<group>"; };
		CB552FCE89BB7D6B95BEBB84 /* Pods-SRAlbum-SRAlbumUITests.release.xcconfig */ = {isa = PBXFileReference; includeInIndex = 1; lastKnownFileType = text.xcconfig; name = "Pods-SRAlbum-SRAlbumUITests.release.xcconfig"; path = "Target Support Files/Pods-SRAlbum-SRAlbumUITests/Pods-SRAlbum-SRAlbumUITests.release.xcconfig"; sourceTree = "<group>"; };
		D605F1F726B78F1B00C9391E /* SRCameraViewController.swift */ = {isa = PBXFileReference; lastKnownFileType = sourcecode.swift; path = SRCameraViewController.swift; sourceTree = "<group>"; };
		D605F1F826B78F1B00C9391E /* SRCameraViewController.xib */ = {isa = PBXFileReference; lastKnownFileType = file.xib; path = SRCameraViewController.xib; sourceTree = "<group>"; };
		D605F1FC26B7DAD200C9391E /* SRCameraView.swift */ = {isa = PBXFileReference; lastKnownFileType = sourcecode.swift; path = SRCameraView.swift; sourceTree = "<group>"; };
		D60ACBDA26B8C34A00914DAE /* CIFeatureRect.swift */ = {isa = PBXFileReference; fileEncoding = 4; lastKnownFileType = sourcecode.swift; path = CIFeatureRect.swift; sourceTree = "<group>"; };
		D60ACBDC26B8E19F00914DAE /* SRAlbum-Bridging-Header.h */ = {isa = PBXFileReference; lastKnownFileType = sourcecode.c.h; path = "SRAlbum-Bridging-Header.h"; sourceTree = "<group>"; };
		D60ACBDD26B8E1A000914DAE /* CameraTool.h */ = {isa = PBXFileReference; lastKnownFileType = sourcecode.c.h; path = CameraTool.h; sourceTree = "<group>"; };
		D60ACBDE26B8E1A000914DAE /* CameraTool.m */ = {isa = PBXFileReference; lastKnownFileType = sourcecode.c.objc; path = CameraTool.m; sourceTree = "<group>"; };
		D6400C3123FFA48600DF5639 /* ResultViewController.swift */ = {isa = PBXFileReference; lastKnownFileType = sourcecode.swift; path = ResultViewController.swift; sourceTree = "<group>"; };
		D6400C3223FFA48600DF5639 /* ResultViewController.xib */ = {isa = PBXFileReference; lastKnownFileType = file.xib; path = ResultViewController.xib; sourceTree = "<group>"; };
		D6400C3523FFA4F800DF5639 /* ShowTableViewCell.swift */ = {isa = PBXFileReference; lastKnownFileType = sourcecode.swift; path = ShowTableViewCell.swift; sourceTree = "<group>"; };
		D6400C3623FFA4F800DF5639 /* ShowTableViewCell.xib */ = {isa = PBXFileReference; lastKnownFileType = file.xib; path = ShowTableViewCell.xib; sourceTree = "<group>"; };
		D64CC53426C6145100B025DB /* SRPlayerView.swift */ = {isa = PBXFileReference; lastKnownFileType = sourcecode.swift; path = SRPlayerView.swift; sourceTree = "<group>"; };
		D692B7A923D5789700015DE5 /* AssetCollection.swift */ = {isa = PBXFileReference; lastKnownFileType = sourcecode.swift; path = AssetCollection.swift; sourceTree = "<group>"; };
		D692B7AC23D57F2300015DE5 /* TopSwitchButton.swift */ = {isa = PBXFileReference; lastKnownFileType = sourcecode.swift; path = TopSwitchButton.swift; sourceTree = "<group>"; };
		D692B7B023D57F5E00015DE5 /* TopSwitchButton.xib */ = {isa = PBXFileReference; lastKnownFileType = file.xib; path = TopSwitchButton.xib; sourceTree = "<group>"; };
		D692B7B223D58CA300015DE5 /* GroupView.swift */ = {isa = PBXFileReference; lastKnownFileType = sourcecode.swift; path = GroupView.swift; sourceTree = "<group>"; };
		D692B7B423D58CB100015DE5 /* GroupView.xib */ = {isa = PBXFileReference; lastKnownFileType = file.xib; path = GroupView.xib; sourceTree = "<group>"; };
		D692B7BA23D5977600015DE5 /* SRAldumGroupTableViewCell.swift */ = {isa = PBXFileReference; lastKnownFileType = sourcecode.swift; path = SRAldumGroupTableViewCell.swift; sourceTree = "<group>"; };
		D692B7BB23D5977600015DE5 /* SRAldumGroupTableViewCell.xib */ = {isa = PBXFileReference; lastKnownFileType = file.xib; path = SRAldumGroupTableViewCell.xib; sourceTree = "<group>"; };
		D692B7BE23D59B1300015DE5 /* SRHelper.swift */ = {isa = PBXFileReference; lastKnownFileType = sourcecode.swift; path = SRHelper.swift; sourceTree = "<group>"; };
		D692B7C023D59B7400015DE5 /* AssetImage.swift */ = {isa = PBXFileReference; lastKnownFileType = sourcecode.swift; path = AssetImage.swift; sourceTree = "<group>"; };
		D692B7C223D5A64500015DE5 /* SRAlbumImageCell.swift */ = {isa = PBXFileReference; lastKnownFileType = sourcecode.swift; path = SRAlbumImageCell.swift; sourceTree = "<group>"; };
		D692B7C323D5A64500015DE5 /* SRAlbumImageCell.xib */ = {isa = PBXFileReference; lastKnownFileType = file.xib; path = SRAlbumImageCell.xib; sourceTree = "<group>"; };
		D697988723D19C3C0009E906 /* SRAlbum.app */ = {isa = PBXFileReference; explicitFileType = wrapper.application; includeInIndex = 0; path = SRAlbum.app; sourceTree = BUILT_PRODUCTS_DIR; };
		D697988A23D19C3C0009E906 /* AppDelegate.swift */ = {isa = PBXFileReference; lastKnownFileType = sourcecode.swift; path = AppDelegate.swift; sourceTree = "<group>"; };
		D697988C23D19C3C0009E906 /* SceneDelegate.swift */ = {isa = PBXFileReference; lastKnownFileType = sourcecode.swift; path = SceneDelegate.swift; sourceTree = "<group>"; };
		D697988E23D19C3C0009E906 /* ViewController.swift */ = {isa = PBXFileReference; lastKnownFileType = sourcecode.swift; path = ViewController.swift; sourceTree = "<group>"; };
		D697989123D19C3C0009E906 /* Base */ = {isa = PBXFileReference; lastKnownFileType = file.storyboard; name = Base; path = Base.lproj/Main.storyboard; sourceTree = "<group>"; };
		D697989323D19C3D0009E906 /* Assets.xcassets */ = {isa = PBXFileReference; lastKnownFileType = folder.assetcatalog; path = Assets.xcassets; sourceTree = "<group>"; };
		D697989623D19C3D0009E906 /* Base */ = {isa = PBXFileReference; lastKnownFileType = file.storyboard; name = Base; path = Base.lproj/LaunchScreen.storyboard; sourceTree = "<group>"; };
		D697989823D19C3D0009E906 /* Info.plist */ = {isa = PBXFileReference; lastKnownFileType = text.plist.xml; path = Info.plist; sourceTree = "<group>"; };
		D697989D23D19C3E0009E906 /* SRAlbumTests.xctest */ = {isa = PBXFileReference; explicitFileType = wrapper.cfbundle; includeInIndex = 0; path = SRAlbumTests.xctest; sourceTree = BUILT_PRODUCTS_DIR; };
		D69798A123D19C3E0009E906 /* SRAlbumTests.swift */ = {isa = PBXFileReference; lastKnownFileType = sourcecode.swift; path = SRAlbumTests.swift; sourceTree = "<group>"; };
		D69798A323D19C3E0009E906 /* Info.plist */ = {isa = PBXFileReference; lastKnownFileType = text.plist.xml; path = Info.plist; sourceTree = "<group>"; };
		D69798A823D19C3E0009E906 /* SRAlbumUITests.xctest */ = {isa = PBXFileReference; explicitFileType = wrapper.cfbundle; includeInIndex = 0; path = SRAlbumUITests.xctest; sourceTree = BUILT_PRODUCTS_DIR; };
		D69798AC23D19C3E0009E906 /* SRAlbumUITests.swift */ = {isa = PBXFileReference; lastKnownFileType = sourcecode.swift; path = SRAlbumUITests.swift; sourceTree = "<group>"; };
		D69798AE23D19C3E0009E906 /* Info.plist */ = {isa = PBXFileReference; lastKnownFileType = text.plist.xml; path = Info.plist; sourceTree = "<group>"; };
		D69798BB23D19C9E0009E906 /* SRAlbum.swift */ = {isa = PBXFileReference; lastKnownFileType = sourcecode.swift; path = SRAlbum.swift; sourceTree = "<group>"; };
		D69798CC23D1BA900009E906 /* SRAlbumController.swift */ = {isa = PBXFileReference; lastKnownFileType = sourcecode.swift; path = SRAlbumController.swift; sourceTree = "<group>"; };
		D69798CD23D1BA900009E906 /* SRAlbumController.xib */ = {isa = PBXFileReference; lastKnownFileType = file.xib; path = SRAlbumController.xib; sourceTree = "<group>"; };
		D6A51A5723F9519300295F3F /* SRAlbumTip.swift */ = {isa = PBXFileReference; lastKnownFileType = sourcecode.swift; path = SRAlbumTip.swift; sourceTree = "<group>"; };
		D6A51AD623F992B200295F3F /* SRAlbumEidtView.swift */ = {isa = PBXFileReference; lastKnownFileType = sourcecode.swift; path = SRAlbumEidtView.swift; sourceTree = "<group>"; };
		D6A51AD823F9944400295F3F /* SRAlbumEidtView.xib */ = {isa = PBXFileReference; lastKnownFileType = file.xib; path = SRAlbumEidtView.xib; sourceTree = "<group>"; };
		D6ED18A223D7CE8D0094C06E /* SRAlbumBrowseController.swift */ = {isa = PBXFileReference; lastKnownFileType = sourcecode.swift; path = SRAlbumBrowseController.swift; sourceTree = "<group>"; };
		D6ED18A323D7CE8D0094C06E /* SRAlbumBrowseController.xib */ = {isa = PBXFileReference; lastKnownFileType = file.xib; path = SRAlbumBrowseController.xib; sourceTree = "<group>"; };
		D6ED18A823D7F4940094C06E /* SRAlbumSelect.swift */ = {isa = PBXFileReference; lastKnownFileType = sourcecode.swift; path = SRAlbumSelect.swift; sourceTree = "<group>"; };
		D6ED18AA23D7FA6F0094C06E /* SRBrowseImageCell.swift */ = {isa = PBXFileReference; lastKnownFileType = sourcecode.swift; path = SRBrowseImageCell.swift; sourceTree = "<group>"; };
		D6ED18AB23D7FA6F0094C06E /* SRBrowseImageCell.xib */ = {isa = PBXFileReference; lastKnownFileType = file.xib; path = SRBrowseImageCell.xib; sourceTree = "<group>"; };
		FB71F941A03ACE03EC2D8A23 /* Pods-SRAlbum.debug.xcconfig */ = {isa = PBXFileReference; includeInIndex = 1; lastKnownFileType = text.xcconfig; name = "Pods-SRAlbum.debug.xcconfig"; path = "Target Support Files/Pods-SRAlbum/Pods-SRAlbum.debug.xcconfig"; sourceTree = "<group>"; };
/* End PBXFileReference section */

/* Begin PBXFrameworksBuildPhase section */
		D697988423D19C3C0009E906 /* Frameworks */ = {
			isa = PBXFrameworksBuildPhase;
			buildActionMask = 2147483647;
			files = (
				4EA06815DBC0DE8CC9718FED /* Pods_SRAlbum.framework in Frameworks */,
			);
			runOnlyForDeploymentPostprocessing = 0;
		};
		D697989A23D19C3E0009E906 /* Frameworks */ = {
			isa = PBXFrameworksBuildPhase;
			buildActionMask = 2147483647;
			files = (
				D424EE41F2F8DE087C66D4E4 /* Pods_SRAlbumTests.framework in Frameworks */,
			);
			runOnlyForDeploymentPostprocessing = 0;
		};
		D69798A523D19C3E0009E906 /* Frameworks */ = {
			isa = PBXFrameworksBuildPhase;
			buildActionMask = 2147483647;
			files = (
				EEF2BADD98E2AEC9E5C69A1C /* Pods_SRAlbum_SRAlbumUITests.framework in Frameworks */,
			);
			runOnlyForDeploymentPostprocessing = 0;
		};
/* End PBXFrameworksBuildPhase section */

/* Begin PBXGroup section */
		A38E83573A84A7410394D7C5 /* Pods */ = {
			isa = PBXGroup;
			children = (
				FB71F941A03ACE03EC2D8A23 /* Pods-SRAlbum.debug.xcconfig */,
				3A225E34E374B8104669844E /* Pods-SRAlbum.release.xcconfig */,
				ABB47E96394799A9B9F518EC /* Pods-SRAlbum-SRAlbumUITests.debug.xcconfig */,
				CB552FCE89BB7D6B95BEBB84 /* Pods-SRAlbum-SRAlbumUITests.release.xcconfig */,
				882758745B150110BA1F0916 /* Pods-SRAlbumTests.debug.xcconfig */,
				2840AD6197AFE0FF7A987D8F /* Pods-SRAlbumTests.release.xcconfig */,
			);
			path = Pods;
			sourceTree = "<group>";
		};
		D605F1FB26B7DA3900C9391E /* SRCameraView */ = {
			isa = PBXGroup;
			children = (
				D60ACBDA26B8C34A00914DAE /* CIFeatureRect.swift */,
				D605F1FC26B7DAD200C9391E /* SRCameraView.swift */,
				D64CC53426C6145100B025DB /* SRPlayerView.swift */,
				D60ACBDD26B8E1A000914DAE /* CameraTool.h */,
				D60ACBDE26B8E1A000914DAE /* CameraTool.m */,
				D60ACBDC26B8E19F00914DAE /* SRAlbum-Bridging-Header.h */,
			);
			path = SRCameraView;
			sourceTree = "<group>";
		};
		D692B7A823D5786200015DE5 /* SRExtension */ = {
			isa = PBXGroup;
			children = (
				D692B7A923D5789700015DE5 /* AssetCollection.swift */,
				D692B7C023D59B7400015DE5 /* AssetImage.swift */,
			);
			path = SRExtension;
			sourceTree = "<group>";
		};
		D692B7AB23D57EF200015DE5 /* SRAlbumView */ = {
			isa = PBXGroup;
			children = (
				D692B7AC23D57F2300015DE5 /* TopSwitchButton.swift */,
				D692B7B023D57F5E00015DE5 /* TopSwitchButton.xib */,
				D692B7B223D58CA300015DE5 /* GroupView.swift */,
				D692B7B423D58CB100015DE5 /* GroupView.xib */,
				D692B7BA23D5977600015DE5 /* SRAldumGroupTableViewCell.swift */,
				D692B7BB23D5977600015DE5 /* SRAldumGroupTableViewCell.xib */,
				D692B7C223D5A64500015DE5 /* SRAlbumImageCell.swift */,
				D692B7C323D5A64500015DE5 /* SRAlbumImageCell.xib */,
				D6ED18A823D7F4940094C06E /* SRAlbumSelect.swift */,
				D6ED18AA23D7FA6F0094C06E /* SRBrowseImageCell.swift */,
				D6ED18AB23D7FA6F0094C06E /* SRBrowseImageCell.xib */,
				D6A51A5723F9519300295F3F /* SRAlbumTip.swift */,
				D6A51AD623F992B200295F3F /* SRAlbumEidtView.swift */,
				D6A51AD823F9944400295F3F /* SRAlbumEidtView.xib */,
			);
			path = SRAlbumView;
			sourceTree = "<group>";
		};
		D697987E23D19C3C0009E906 = {
			isa = PBXGroup;
			children = (
				D69798BA23D19C660009E906 /* Classes */,
				D697988923D19C3C0009E906 /* SRAlbum */,
				D69798A023D19C3E0009E906 /* SRAlbumTests */,
				D69798AB23D19C3E0009E906 /* SRAlbumUITests */,
				D697988823D19C3C0009E906 /* Products */,
				A38E83573A84A7410394D7C5 /* Pods */,
				D82118C6B40A32F66FF8BA11 /* Frameworks */,
			);
			sourceTree = "<group>";
		};
		D697988823D19C3C0009E906 /* Products */ = {
			isa = PBXGroup;
			children = (
				D697988723D19C3C0009E906 /* SRAlbum.app */,
				D697989D23D19C3E0009E906 /* SRAlbumTests.xctest */,
				D69798A823D19C3E0009E906 /* SRAlbumUITests.xctest */,
			);
			name = Products;
			sourceTree = "<group>";
		};
		D697988923D19C3C0009E906 /* SRAlbum */ = {
			isa = PBXGroup;
			children = (
				D697988A23D19C3C0009E906 /* AppDelegate.swift */,
				D697988C23D19C3C0009E906 /* SceneDelegate.swift */,
				D697988E23D19C3C0009E906 /* ViewController.swift */,
				D697989023D19C3C0009E906 /* Main.storyboard */,
				D697989523D19C3D0009E906 /* LaunchScreen.storyboard */,
				D697989823D19C3D0009E906 /* Info.plist */,
				D6400C3123FFA48600DF5639 /* ResultViewController.swift */,
				D6400C3223FFA48600DF5639 /* ResultViewController.xib */,
				D6400C3523FFA4F800DF5639 /* ShowTableViewCell.swift */,
				D6400C3623FFA4F800DF5639 /* ShowTableViewCell.xib */,
			);
			path = SRAlbum;
			sourceTree = "<group>";
		};
		D69798A023D19C3E0009E906 /* SRAlbumTests */ = {
			isa = PBXGroup;
			children = (
				D69798A123D19C3E0009E906 /* SRAlbumTests.swift */,
				D69798A323D19C3E0009E906 /* Info.plist */,
			);
			path = SRAlbumTests;
			sourceTree = "<group>";
		};
		D69798AB23D19C3E0009E906 /* SRAlbumUITests */ = {
			isa = PBXGroup;
			children = (
				D69798AC23D19C3E0009E906 /* SRAlbumUITests.swift */,
				D69798AE23D19C3E0009E906 /* Info.plist */,
			);
			path = SRAlbumUITests;
			sourceTree = "<group>";
		};
		D69798BA23D19C660009E906 /* Classes */ = {
			isa = PBXGroup;
			children = (
				D692B7BE23D59B1300015DE5 /* SRHelper.swift */,
				D69798BB23D19C9E0009E906 /* SRAlbum.swift */,
				D69798CC23D1BA900009E906 /* SRAlbumController.swift */,
				D69798CD23D1BA900009E906 /* SRAlbumController.xib */,
				D6ED18A223D7CE8D0094C06E /* SRAlbumBrowseController.swift */,
				D6ED18A323D7CE8D0094C06E /* SRAlbumBrowseController.xib */,
				D605F1FB26B7DA3900C9391E /* SRCameraView */,
				D692B7AB23D57EF200015DE5 /* SRAlbumView */,
				D692B7A823D5786200015DE5 /* SRExtension */,
				D697989323D19C3D0009E906 /* Assets.xcassets */,
				D605F1F726B78F1B00C9391E /* SRCameraViewController.swift */,
				D605F1F826B78F1B00C9391E /* SRCameraViewController.xib */,
			);
			path = Classes;
			sourceTree = "<group>";
		};
		D82118C6B40A32F66FF8BA11 /* Frameworks */ = {
			isa = PBXGroup;
			children = (
				0BA766676E62E8093F18AF6A /* Pods_SRAlbum.framework */,
				02AF499BDBA5F40B02EDB5BA /* Pods_SRAlbum_SRAlbumUITests.framework */,
				4F24416C4739FF9604DC0AA1 /* Pods_SRAlbumTests.framework */,
			);
			name = Frameworks;
			sourceTree = "<group>";
		};
/* End PBXGroup section */

/* Begin PBXNativeTarget section */
		D697988623D19C3C0009E906 /* SRAlbum */ = {
			isa = PBXNativeTarget;
			buildConfigurationList = D69798B123D19C3E0009E906 /* Build configuration list for PBXNativeTarget "SRAlbum" */;
			buildPhases = (
				410343E45A87A8B8FB59DB60 /* [CP] Check Pods Manifest.lock */,
				D697988323D19C3C0009E906 /* Sources */,
				D697988423D19C3C0009E906 /* Frameworks */,
				D697988523D19C3C0009E906 /* Resources */,
				928FC0510F89898527EC59BE /* [CP] Embed Pods Frameworks */,
			);
			buildRules = (
			);
			dependencies = (
			);
			name = SRAlbum;
			productName = SRAlbum;
			productReference = D697988723D19C3C0009E906 /* SRAlbum.app */;
			productType = "com.apple.product-type.application";
		};
		D697989C23D19C3E0009E906 /* SRAlbumTests */ = {
			isa = PBXNativeTarget;
			buildConfigurationList = D69798B423D19C3E0009E906 /* Build configuration list for PBXNativeTarget "SRAlbumTests" */;
			buildPhases = (
				682EE93499F75B145DB90710 /* [CP] Check Pods Manifest.lock */,
				D697989923D19C3E0009E906 /* Sources */,
				D697989A23D19C3E0009E906 /* Frameworks */,
				D697989B23D19C3E0009E906 /* Resources */,
			);
			buildRules = (
			);
			dependencies = (
				D697989F23D19C3E0009E906 /* PBXTargetDependency */,
			);
			name = SRAlbumTests;
			productName = SRAlbumTests;
			productReference = D697989D23D19C3E0009E906 /* SRAlbumTests.xctest */;
			productType = "com.apple.product-type.bundle.unit-test";
		};
		D69798A723D19C3E0009E906 /* SRAlbumUITests */ = {
			isa = PBXNativeTarget;
			buildConfigurationList = D69798B723D19C3E0009E906 /* Build configuration list for PBXNativeTarget "SRAlbumUITests" */;
			buildPhases = (
				216499E660523C69A2C9F846 /* [CP] Check Pods Manifest.lock */,
				D69798A423D19C3E0009E906 /* Sources */,
				D69798A523D19C3E0009E906 /* Frameworks */,
				D69798A623D19C3E0009E906 /* Resources */,
				0AE5E289557C60E7F5F28BF8 /* [CP] Embed Pods Frameworks */,
			);
			buildRules = (
			);
			dependencies = (
				D69798AA23D19C3E0009E906 /* PBXTargetDependency */,
			);
			name = SRAlbumUITests;
			productName = SRAlbumUITests;
			productReference = D69798A823D19C3E0009E906 /* SRAlbumUITests.xctest */;
			productType = "com.apple.product-type.bundle.ui-testing";
		};
/* End PBXNativeTarget section */

/* Begin PBXProject section */
		D697987F23D19C3C0009E906 /* Project object */ = {
			isa = PBXProject;
			attributes = {
				LastSwiftUpdateCheck = 1120;
				LastUpgradeCheck = 1120;
				ORGANIZATIONNAME = "施峰磊";
				TargetAttributes = {
					D697988623D19C3C0009E906 = {
						CreatedOnToolsVersion = 11.2.1;
						LastSwiftMigration = 1250;
					};
					D697989C23D19C3E0009E906 = {
						CreatedOnToolsVersion = 11.2.1;
						TestTargetID = D697988623D19C3C0009E906;
					};
					D69798A723D19C3E0009E906 = {
						CreatedOnToolsVersion = 11.2.1;
						TestTargetID = D697988623D19C3C0009E906;
					};
				};
			};
			buildConfigurationList = D697988223D19C3C0009E906 /* Build configuration list for PBXProject "SRAlbum" */;
			compatibilityVersion = "Xcode 9.3";
			developmentRegion = en;
			hasScannedForEncodings = 0;
			knownRegions = (
				en,
				Base,
			);
			mainGroup = D697987E23D19C3C0009E906;
			productRefGroup = D697988823D19C3C0009E906 /* Products */;
			projectDirPath = "";
			projectRoot = "";
			targets = (
				D697988623D19C3C0009E906 /* SRAlbum */,
				D697989C23D19C3E0009E906 /* SRAlbumTests */,
				D69798A723D19C3E0009E906 /* SRAlbumUITests */,
			);
		};
/* End PBXProject section */

/* Begin PBXResourcesBuildPhase section */
		D697988523D19C3C0009E906 /* Resources */ = {
			isa = PBXResourcesBuildPhase;
			buildActionMask = 2147483647;
			files = (
				D692B7BD23D5977600015DE5 /* SRAldumGroupTableViewCell.xib in Resources */,
				D692B7B523D58CB100015DE5 /* GroupView.xib in Resources */,
				D69798CF23D1BA900009E906 /* SRAlbumController.xib in Resources */,
				D697989723D19C3D0009E906 /* LaunchScreen.storyboard in Resources */,
				D605F1FA26B78F1B00C9391E /* SRCameraViewController.xib in Resources */,
				D6ED18A523D7CE8D0094C06E /* SRAlbumBrowseController.xib in Resources */,
				D692B7B123D57F5E00015DE5 /* TopSwitchButton.xib in Resources */,
				D697989423D19C3D0009E906 /* Assets.xcassets in Resources */,
				D6400C3423FFA48600DF5639 /* ResultViewController.xib in Resources */,
				D692B7C523D5A64500015DE5 /* SRAlbumImageCell.xib in Resources */,
				D6ED18AD23D7FA6F0094C06E /* SRBrowseImageCell.xib in Resources */,
				D6A51AD923F9944400295F3F /* SRAlbumEidtView.xib in Resources */,
				D6400C3823FFA4F800DF5639 /* ShowTableViewCell.xib in Resources */,
				D697989223D19C3C0009E906 /* Main.storyboard in Resources */,
			);
			runOnlyForDeploymentPostprocessing = 0;
		};
		D697989B23D19C3E0009E906 /* Resources */ = {
			isa = PBXResourcesBuildPhase;
			buildActionMask = 2147483647;
			files = (
			);
			runOnlyForDeploymentPostprocessing = 0;
		};
		D69798A623D19C3E0009E906 /* Resources */ = {
			isa = PBXResourcesBuildPhase;
			buildActionMask = 2147483647;
			files = (
			);
			runOnlyForDeploymentPostprocessing = 0;
		};
/* End PBXResourcesBuildPhase section */

/* Begin PBXShellScriptBuildPhase section */
		0AE5E289557C60E7F5F28BF8 /* [CP] Embed Pods Frameworks */ = {
			isa = PBXShellScriptBuildPhase;
			buildActionMask = 2147483647;
			files = (
			);
			inputFileListPaths = (
				"${PODS_ROOT}/Target Support Files/Pods-SRAlbum-SRAlbumUITests/Pods-SRAlbum-SRAlbumUITests-frameworks-${CONFIGURATION}-input-files.xcfilelist",
			);
			name = "[CP] Embed Pods Frameworks";
			outputFileListPaths = (
				"${PODS_ROOT}/Target Support Files/Pods-SRAlbum-SRAlbumUITests/Pods-SRAlbum-SRAlbumUITests-frameworks-${CONFIGURATION}-output-files.xcfilelist",
			);
			runOnlyForDeploymentPostprocessing = 0;
			shellPath = /bin/sh;
			shellScript = "\"${PODS_ROOT}/Target Support Files/Pods-SRAlbum-SRAlbumUITests/Pods-SRAlbum-SRAlbumUITests-frameworks.sh\"\n";
			showEnvVarsInLog = 0;
		};
		216499E660523C69A2C9F846 /* [CP] Check Pods Manifest.lock */ = {
			isa = PBXShellScriptBuildPhase;
			buildActionMask = 2147483647;
			files = (
			);
			inputFileListPaths = (
			);
			inputPaths = (
				"${PODS_PODFILE_DIR_PATH}/Podfile.lock",
				"${PODS_ROOT}/Manifest.lock",
			);
			name = "[CP] Check Pods Manifest.lock";
			outputFileListPaths = (
			);
			outputPaths = (
				"$(DERIVED_FILE_DIR)/Pods-SRAlbum-SRAlbumUITests-checkManifestLockResult.txt",
			);
			runOnlyForDeploymentPostprocessing = 0;
			shellPath = /bin/sh;
			shellScript = "diff \"${PODS_PODFILE_DIR_PATH}/Podfile.lock\" \"${PODS_ROOT}/Manifest.lock\" > /dev/null\nif [ $? != 0 ] ; then\n    # print error to STDERR\n    echo \"error: The sandbox is not in sync with the Podfile.lock. Run 'pod install' or update your CocoaPods installation.\" >&2\n    exit 1\nfi\n# This output is used by Xcode 'outputs' to avoid re-running this script phase.\necho \"SUCCESS\" > \"${SCRIPT_OUTPUT_FILE_0}\"\n";
			showEnvVarsInLog = 0;
		};
		410343E45A87A8B8FB59DB60 /* [CP] Check Pods Manifest.lock */ = {
			isa = PBXShellScriptBuildPhase;
			buildActionMask = 2147483647;
			files = (
			);
			inputFileListPaths = (
			);
			inputPaths = (
				"${PODS_PODFILE_DIR_PATH}/Podfile.lock",
				"${PODS_ROOT}/Manifest.lock",
			);
			name = "[CP] Check Pods Manifest.lock";
			outputFileListPaths = (
			);
			outputPaths = (
				"$(DERIVED_FILE_DIR)/Pods-SRAlbum-checkManifestLockResult.txt",
			);
			runOnlyForDeploymentPostprocessing = 0;
			shellPath = /bin/sh;
			shellScript = "diff \"${PODS_PODFILE_DIR_PATH}/Podfile.lock\" \"${PODS_ROOT}/Manifest.lock\" > /dev/null\nif [ $? != 0 ] ; then\n    # print error to STDERR\n    echo \"error: The sandbox is not in sync with the Podfile.lock. Run 'pod install' or update your CocoaPods installation.\" >&2\n    exit 1\nfi\n# This output is used by Xcode 'outputs' to avoid re-running this script phase.\necho \"SUCCESS\" > \"${SCRIPT_OUTPUT_FILE_0}\"\n";
			showEnvVarsInLog = 0;
		};
		682EE93499F75B145DB90710 /* [CP] Check Pods Manifest.lock */ = {
			isa = PBXShellScriptBuildPhase;
			buildActionMask = 2147483647;
			files = (
			);
			inputFileListPaths = (
			);
			inputPaths = (
				"${PODS_PODFILE_DIR_PATH}/Podfile.lock",
				"${PODS_ROOT}/Manifest.lock",
			);
			name = "[CP] Check Pods Manifest.lock";
			outputFileListPaths = (
			);
			outputPaths = (
				"$(DERIVED_FILE_DIR)/Pods-SRAlbumTests-checkManifestLockResult.txt",
			);
			runOnlyForDeploymentPostprocessing = 0;
			shellPath = /bin/sh;
			shellScript = "diff \"${PODS_PODFILE_DIR_PATH}/Podfile.lock\" \"${PODS_ROOT}/Manifest.lock\" > /dev/null\nif [ $? != 0 ] ; then\n    # print error to STDERR\n    echo \"error: The sandbox is not in sync with the Podfile.lock. Run 'pod install' or update your CocoaPods installation.\" >&2\n    exit 1\nfi\n# This output is used by Xcode 'outputs' to avoid re-running this script phase.\necho \"SUCCESS\" > \"${SCRIPT_OUTPUT_FILE_0}\"\n";
			showEnvVarsInLog = 0;
		};
		928FC0510F89898527EC59BE /* [CP] Embed Pods Frameworks */ = {
			isa = PBXShellScriptBuildPhase;
			buildActionMask = 2147483647;
			files = (
			);
			inputFileListPaths = (
				"${PODS_ROOT}/Target Support Files/Pods-SRAlbum/Pods-SRAlbum-frameworks-${CONFIGURATION}-input-files.xcfilelist",
			);
			name = "[CP] Embed Pods Frameworks";
			outputFileListPaths = (
				"${PODS_ROOT}/Target Support Files/Pods-SRAlbum/Pods-SRAlbum-frameworks-${CONFIGURATION}-output-files.xcfilelist",
			);
			runOnlyForDeploymentPostprocessing = 0;
			shellPath = /bin/sh;
			shellScript = "\"${PODS_ROOT}/Target Support Files/Pods-SRAlbum/Pods-SRAlbum-frameworks.sh\"\n";
			showEnvVarsInLog = 0;
		};
/* End PBXShellScriptBuildPhase section */

/* Begin PBXSourcesBuildPhase section */
		D697988323D19C3C0009E906 /* Sources */ = {
			isa = PBXSourcesBuildPhase;
			buildActionMask = 2147483647;
			files = (
				D6ED18A923D7F4940094C06E /* SRAlbumSelect.swift in Sources */,
				D692B7BF23D59B1300015DE5 /* SRHelper.swift in Sources */,
				D64CC53526C6145100B025DB /* SRPlayerView.swift in Sources */,
				D6A51A5823F9519300295F3F /* SRAlbumTip.swift in Sources */,
				D697988F23D19C3C0009E906 /* ViewController.swift in Sources */,
				D6400C3723FFA4F800DF5639 /* ShowTableViewCell.swift in Sources */,
				D692B7BC23D5977600015DE5 /* SRAldumGroupTableViewCell.swift in Sources */,
				D697988B23D19C3C0009E906 /* AppDelegate.swift in Sources */,
				D692B7B323D58CA300015DE5 /* GroupView.swift in Sources */,
				D605F1F926B78F1B00C9391E /* SRCameraViewController.swift in Sources */,
				D60ACBDF26B8E1A000914DAE /* CameraTool.m in Sources */,
				D6A51AD723F992B200295F3F /* SRAlbumEidtView.swift in Sources */,
				D605F1FD26B7DAD200C9391E /* SRCameraView.swift in Sources */,
				D692B7C123D59B7400015DE5 /* AssetImage.swift in Sources */,
				D69798CE23D1BA900009E906 /* SRAlbumController.swift in Sources */,
				D69798BC23D19C9E0009E906 /* SRAlbum.swift in Sources */,
				D60ACBDB26B8C34A00914DAE /* CIFeatureRect.swift in Sources */,
				D692B7AD23D57F2300015DE5 /* TopSwitchButton.swift in Sources */,
				D692B7AA23D5789700015DE5 /* AssetCollection.swift in Sources */,
				D6ED18AC23D7FA6F0094C06E /* SRBrowseImageCell.swift in Sources */,
				D6ED18A423D7CE8D0094C06E /* SRAlbumBrowseController.swift in Sources */,
				D692B7C423D5A64500015DE5 /* SRAlbumImageCell.swift in Sources */,
				D697988D23D19C3C0009E906 /* SceneDelegate.swift in Sources */,
				D6400C3323FFA48600DF5639 /* ResultViewController.swift in Sources */,
			);
			runOnlyForDeploymentPostprocessing = 0;
		};
		D697989923D19C3E0009E906 /* Sources */ = {
			isa = PBXSourcesBuildPhase;
			buildActionMask = 2147483647;
			files = (
				D69798A223D19C3E0009E906 /* SRAlbumTests.swift in Sources */,
			);
			runOnlyForDeploymentPostprocessing = 0;
		};
		D69798A423D19C3E0009E906 /* Sources */ = {
			isa = PBXSourcesBuildPhase;
			buildActionMask = 2147483647;
			files = (
				D69798AD23D19C3E0009E906 /* SRAlbumUITests.swift in Sources */,
			);
			runOnlyForDeploymentPostprocessing = 0;
		};
/* End PBXSourcesBuildPhase section */

/* Begin PBXTargetDependency section */
		D697989F23D19C3E0009E906 /* PBXTargetDependency */ = {
			isa = PBXTargetDependency;
			target = D697988623D19C3C0009E906 /* SRAlbum */;
			targetProxy = D697989E23D19C3E0009E906 /* PBXContainerItemProxy */;
		};
		D69798AA23D19C3E0009E906 /* PBXTargetDependency */ = {
			isa = PBXTargetDependency;
			target = D697988623D19C3C0009E906 /* SRAlbum */;
			targetProxy = D69798A923D19C3E0009E906 /* PBXContainerItemProxy */;
		};
/* End PBXTargetDependency section */

/* Begin PBXVariantGroup section */
		D697989023D19C3C0009E906 /* Main.storyboard */ = {
			isa = PBXVariantGroup;
			children = (
				D697989123D19C3C0009E906 /* Base */,
			);
			name = Main.storyboard;
			sourceTree = "<group>";
		};
		D697989523D19C3D0009E906 /* LaunchScreen.storyboard */ = {
			isa = PBXVariantGroup;
			children = (
				D697989623D19C3D0009E906 /* Base */,
			);
			name = LaunchScreen.storyboard;
			sourceTree = "<group>";
		};
/* End PBXVariantGroup section */

/* Begin XCBuildConfiguration section */
		D69798AF23D19C3E0009E906 /* Debug */ = {
			isa = XCBuildConfiguration;
			buildSettings = {
				ALWAYS_SEARCH_USER_PATHS = NO;
				CLANG_ANALYZER_NONNULL = YES;
				CLANG_ANALYZER_NUMBER_OBJECT_CONVERSION = YES_AGGRESSIVE;
				CLANG_CXX_LANGUAGE_STANDARD = "gnu++14";
				CLANG_CXX_LIBRARY = "libc++";
				CLANG_ENABLE_MODULES = YES;
				CLANG_ENABLE_OBJC_ARC = YES;
				CLANG_ENABLE_OBJC_WEAK = YES;
				CLANG_WARN_BLOCK_CAPTURE_AUTORELEASING = YES;
				CLANG_WARN_BOOL_CONVERSION = YES;
				CLANG_WARN_COMMA = YES;
				CLANG_WARN_CONSTANT_CONVERSION = YES;
				CLANG_WARN_DEPRECATED_OBJC_IMPLEMENTATIONS = YES;
				CLANG_WARN_DIRECT_OBJC_ISA_USAGE = YES_ERROR;
				CLANG_WARN_DOCUMENTATION_COMMENTS = YES;
				CLANG_WARN_EMPTY_BODY = YES;
				CLANG_WARN_ENUM_CONVERSION = YES;
				CLANG_WARN_INFINITE_RECURSION = YES;
				CLANG_WARN_INT_CONVERSION = YES;
				CLANG_WARN_NON_LITERAL_NULL_CONVERSION = YES;
				CLANG_WARN_OBJC_IMPLICIT_RETAIN_SELF = YES;
				CLANG_WARN_OBJC_LITERAL_CONVERSION = YES;
				CLANG_WARN_OBJC_ROOT_CLASS = YES_ERROR;
				CLANG_WARN_RANGE_LOOP_ANALYSIS = YES;
				CLANG_WARN_STRICT_PROTOTYPES = YES;
				CLANG_WARN_SUSPICIOUS_MOVE = YES;
				CLANG_WARN_UNGUARDED_AVAILABILITY = YES_AGGRESSIVE;
				CLANG_WARN_UNREACHABLE_CODE = YES;
				CLANG_WARN__DUPLICATE_METHOD_MATCH = YES;
				COPY_PHASE_STRIP = NO;
				DEBUG_INFORMATION_FORMAT = dwarf;
				ENABLE_STRICT_OBJC_MSGSEND = YES;
				ENABLE_TESTABILITY = YES;
				GCC_C_LANGUAGE_STANDARD = gnu11;
				GCC_DYNAMIC_NO_PIC = NO;
				GCC_NO_COMMON_BLOCKS = YES;
				GCC_OPTIMIZATION_LEVEL = 0;
				GCC_PREPROCESSOR_DEFINITIONS = (
					"DEBUG=1",
					"$(inherited)",
				);
				GCC_WARN_64_TO_32_BIT_CONVERSION = YES;
				GCC_WARN_ABOUT_RETURN_TYPE = YES_ERROR;
				GCC_WARN_UNDECLARED_SELECTOR = YES;
				GCC_WARN_UNINITIALIZED_AUTOS = YES_AGGRESSIVE;
				GCC_WARN_UNUSED_FUNCTION = YES;
				GCC_WARN_UNUSED_VARIABLE = YES;
				IPHONEOS_DEPLOYMENT_TARGET = 13.2;
				MTL_ENABLE_DEBUG_INFO = INCLUDE_SOURCE;
				MTL_FAST_MATH = YES;
				ONLY_ACTIVE_ARCH = YES;
				SDKROOT = iphoneos;
				SWIFT_ACTIVE_COMPILATION_CONDITIONS = DEBUG;
				SWIFT_OPTIMIZATION_LEVEL = "-Onone";
			};
			name = Debug;
		};
		D69798B023D19C3E0009E906 /* Release */ = {
			isa = XCBuildConfiguration;
			buildSettings = {
				ALWAYS_SEARCH_USER_PATHS = NO;
				CLANG_ANALYZER_NONNULL = YES;
				CLANG_ANALYZER_NUMBER_OBJECT_CONVERSION = YES_AGGRESSIVE;
				CLANG_CXX_LANGUAGE_STANDARD = "gnu++14";
				CLANG_CXX_LIBRARY = "libc++";
				CLANG_ENABLE_MODULES = YES;
				CLANG_ENABLE_OBJC_ARC = YES;
				CLANG_ENABLE_OBJC_WEAK = YES;
				CLANG_WARN_BLOCK_CAPTURE_AUTORELEASING = YES;
				CLANG_WARN_BOOL_CONVERSION = YES;
				CLANG_WARN_COMMA = YES;
				CLANG_WARN_CONSTANT_CONVERSION = YES;
				CLANG_WARN_DEPRECATED_OBJC_IMPLEMENTATIONS = YES;
				CLANG_WARN_DIRECT_OBJC_ISA_USAGE = YES_ERROR;
				CLANG_WARN_DOCUMENTATION_COMMENTS = YES;
				CLANG_WARN_EMPTY_BODY = YES;
				CLANG_WARN_ENUM_CONVERSION = YES;
				CLANG_WARN_INFINITE_RECURSION = YES;
				CLANG_WARN_INT_CONVERSION = YES;
				CLANG_WARN_NON_LITERAL_NULL_CONVERSION = YES;
				CLANG_WARN_OBJC_IMPLICIT_RETAIN_SELF = YES;
				CLANG_WARN_OBJC_LITERAL_CONVERSION = YES;
				CLANG_WARN_OBJC_ROOT_CLASS = YES_ERROR;
				CLANG_WARN_RANGE_LOOP_ANALYSIS = YES;
				CLANG_WARN_STRICT_PROTOTYPES = YES;
				CLANG_WARN_SUSPICIOUS_MOVE = YES;
				CLANG_WARN_UNGUARDED_AVAILABILITY = YES_AGGRESSIVE;
				CLANG_WARN_UNREACHABLE_CODE = YES;
				CLANG_WARN__DUPLICATE_METHOD_MATCH = YES;
				COPY_PHASE_STRIP = NO;
				DEBUG_INFORMATION_FORMAT = "dwarf-with-dsym";
				ENABLE_NS_ASSERTIONS = NO;
				ENABLE_STRICT_OBJC_MSGSEND = YES;
				GCC_C_LANGUAGE_STANDARD = gnu11;
				GCC_NO_COMMON_BLOCKS = YES;
				GCC_WARN_64_TO_32_BIT_CONVERSION = YES;
				GCC_WARN_ABOUT_RETURN_TYPE = YES_ERROR;
				GCC_WARN_UNDECLARED_SELECTOR = YES;
				GCC_WARN_UNINITIALIZED_AUTOS = YES_AGGRESSIVE;
				GCC_WARN_UNUSED_FUNCTION = YES;
				GCC_WARN_UNUSED_VARIABLE = YES;
				IPHONEOS_DEPLOYMENT_TARGET = 13.2;
				MTL_ENABLE_DEBUG_INFO = NO;
				MTL_FAST_MATH = YES;
				SDKROOT = iphoneos;
				SWIFT_COMPILATION_MODE = wholemodule;
				SWIFT_OPTIMIZATION_LEVEL = "-O";
				VALIDATE_PRODUCT = YES;
			};
			name = Release;
		};
		D69798B223D19C3E0009E906 /* Debug */ = {
			isa = XCBuildConfiguration;
			baseConfigurationReference = FB71F941A03ACE03EC2D8A23 /* Pods-SRAlbum.debug.xcconfig */;
			buildSettings = {
				ASSETCATALOG_COMPILER_APPICON_NAME = AppIcon;
				CLANG_ENABLE_MODULES = YES;
				CODE_SIGN_STYLE = Automatic;
				DEVELOPMENT_TEAM = MN6K6JLYC4;
				ENABLE_BITCODE = YES;
				INFOPLIST_FILE = SRAlbum/Info.plist;
				IPHONEOS_DEPLOYMENT_TARGET = 10.0;
				LD_RUNPATH_SEARCH_PATHS = (
					"$(inherited)",
					"@executable_path/Frameworks",
				);
				LIBRARY_SEARCH_PATHS = "$(inherited)";
				PRODUCT_BUNDLE_IDENTIFIER = com.hletong.hletongjppt.SRAlbum;
				PRODUCT_NAME = "$(TARGET_NAME)";
				SWIFT_OBJC_BRIDGING_HEADER = "Classes/SRCameraView/SRAlbum-Bridging-Header.h";
				SWIFT_OPTIMIZATION_LEVEL = "-Onone";
				SWIFT_VERSION = 5.0;
				TARGETED_DEVICE_FAMILY = "1,2";
			};
			name = Debug;
		};
		D69798B323D19C3E0009E906 /* Release */ = {
			isa = XCBuildConfiguration;
			baseConfigurationReference = 3A225E34E374B8104669844E /* Pods-SRAlbum.release.xcconfig */;
			buildSettings = {
				ASSETCATALOG_COMPILER_APPICON_NAME = AppIcon;
				CLANG_ENABLE_MODULES = YES;
				CODE_SIGN_STYLE = Automatic;
				DEVELOPMENT_TEAM = MN6K6JLYC4;
				ENABLE_BITCODE = YES;
				INFOPLIST_FILE = SRAlbum/Info.plist;
				IPHONEOS_DEPLOYMENT_TARGET = 10.0;
				LD_RUNPATH_SEARCH_PATHS = (
					"$(inherited)",
					"@executable_path/Frameworks",
				);
				LIBRARY_SEARCH_PATHS = "$(inherited)";
				PRODUCT_BUNDLE_IDENTIFIER = com.hletong.hletongjppt.SRAlbum;
				PRODUCT_NAME = "$(TARGET_NAME)";
				SWIFT_OBJC_BRIDGING_HEADER = "Classes/SRCameraView/SRAlbum-Bridging-Header.h";
				SWIFT_VERSION = 5.0;
				TARGETED_DEVICE_FAMILY = "1,2";
			};
			name = Release;
		};
		D69798B523D19C3E0009E906 /* Debug */ = {
			isa = XCBuildConfiguration;
			baseConfigurationReference = 882758745B150110BA1F0916 /* Pods-SRAlbumTests.debug.xcconfig */;
			buildSettings = {
				ALWAYS_EMBED_SWIFT_STANDARD_LIBRARIES = YES;
				BUNDLE_LOADER = "$(TEST_HOST)";
				CODE_SIGN_STYLE = Automatic;
				DEVELOPMENT_TEAM = MN6K6JLYC4;
				INFOPLIST_FILE = SRAlbumTests/Info.plist;
				IPHONEOS_DEPLOYMENT_TARGET = 13.2;
				LD_RUNPATH_SEARCH_PATHS = (
					"$(inherited)",
					"@executable_path/Frameworks",
					"@loader_path/Frameworks",
				);
				PRODUCT_BUNDLE_IDENTIFIER = com.hletong.hletongjppt.SRAlbumTests;
				PRODUCT_NAME = "$(TARGET_NAME)";
				SWIFT_VERSION = 5.0;
				TARGETED_DEVICE_FAMILY = "1,2";
				TEST_HOST = "$(BUILT_PRODUCTS_DIR)/SRAlbum.app/SRAlbum";
			};
			name = Debug;
		};
		D69798B623D19C3E0009E906 /* Release */ = {
			isa = XCBuildConfiguration;
			baseConfigurationReference = 2840AD6197AFE0FF7A987D8F /* Pods-SRAlbumTests.release.xcconfig */;
			buildSettings = {
				ALWAYS_EMBED_SWIFT_STANDARD_LIBRARIES = YES;
				BUNDLE_LOADER = "$(TEST_HOST)";
				CODE_SIGN_STYLE = Automatic;
				DEVELOPMENT_TEAM = MN6K6JLYC4;
				INFOPLIST_FILE = SRAlbumTests/Info.plist;
				IPHONEOS_DEPLOYMENT_TARGET = 13.2;
				LD_RUNPATH_SEARCH_PATHS = (
					"$(inherited)",
					"@executable_path/Frameworks",
					"@loader_path/Frameworks",
				);
				PRODUCT_BUNDLE_IDENTIFIER = com.hletong.hletongjppt.SRAlbumTests;
				PRODUCT_NAME = "$(TARGET_NAME)";
				SWIFT_VERSION = 5.0;
				TARGETED_DEVICE_FAMILY = "1,2";
				TEST_HOST = "$(BUILT_PRODUCTS_DIR)/SRAlbum.app/SRAlbum";
			};
			name = Release;
		};
		D69798B823D19C3E0009E906 /* Debug */ = {
			isa = XCBuildConfiguration;
			baseConfigurationReference = ABB47E96394799A9B9F518EC /* Pods-SRAlbum-SRAlbumUITests.debug.xcconfig */;
			buildSettings = {
				ALWAYS_EMBED_SWIFT_STANDARD_LIBRARIES = YES;
				CODE_SIGN_STYLE = Automatic;
				DEVELOPMENT_TEAM = MN6K6JLYC4;
				INFOPLIST_FILE = SRAlbumUITests/Info.plist;
				LD_RUNPATH_SEARCH_PATHS = (
					"$(inherited)",
					"@executable_path/Frameworks",
					"@loader_path/Frameworks",
				);
				PRODUCT_BUNDLE_IDENTIFIER = com.hletong.hletongjppt.SRAlbumUITests;
				PRODUCT_NAME = "$(TARGET_NAME)";
				SWIFT_VERSION = 5.0;
				TARGETED_DEVICE_FAMILY = "1,2";
				TEST_TARGET_NAME = SRAlbum;
			};
			name = Debug;
		};
		D69798B923D19C3E0009E906 /* Release */ = {
			isa = XCBuildConfiguration;
			baseConfigurationReference = CB552FCE89BB7D6B95BEBB84 /* Pods-SRAlbum-SRAlbumUITests.release.xcconfig */;
			buildSettings = {
				ALWAYS_EMBED_SWIFT_STANDARD_LIBRARIES = YES;
				CODE_SIGN_STYLE = Automatic;
				DEVELOPMENT_TEAM = MN6K6JLYC4;
				INFOPLIST_FILE = SRAlbumUITests/Info.plist;
				LD_RUNPATH_SEARCH_PATHS = (
					"$(inherited)",
					"@executable_path/Frameworks",
					"@loader_path/Frameworks",
				);
				PRODUCT_BUNDLE_IDENTIFIER = com.hletong.hletongjppt.SRAlbumUITests;
				PRODUCT_NAME = "$(TARGET_NAME)";
				SWIFT_VERSION = 5.0;
				TARGETED_DEVICE_FAMILY = "1,2";
				TEST_TARGET_NAME = SRAlbum;
			};
			name = Release;
		};
/* End XCBuildConfiguration section */

/* Begin XCConfigurationList section */
		D697988223D19C3C0009E906 /* Build configuration list for PBXProject "SRAlbum" */ = {
			isa = XCConfigurationList;
			buildConfigurations = (
				D69798AF23D19C3E0009E906 /* Debug */,
				D69798B023D19C3E0009E906 /* Release */,
			);
			defaultConfigurationIsVisible = 0;
			defaultConfigurationName = Release;
		};
		D69798B123D19C3E0009E906 /* Build configuration list for PBXNativeTarget "SRAlbum" */ = {
			isa = XCConfigurationList;
			buildConfigurations = (
				D69798B223D19C3E0009E906 /* Debug */,
				D69798B323D19C3E0009E906 /* Release */,
			);
			defaultConfigurationIsVisible = 0;
			defaultConfigurationName = Release;
		};
		D69798B423D19C3E0009E906 /* Build configuration list for PBXNativeTarget "SRAlbumTests" */ = {
			isa = XCConfigurationList;
			buildConfigurations = (
				D69798B523D19C3E0009E906 /* Debug */,
				D69798B623D19C3E0009E906 /* Release */,
			);
			defaultConfigurationIsVisible = 0;
			defaultConfigurationName = Release;
		};
		D69798B723D19C3E0009E906 /* Build configuration list for PBXNativeTarget "SRAlbumUITests" */ = {
			isa = XCConfigurationList;
			buildConfigurations = (
				D69798B823D19C3E0009E906 /* Debug */,
				D69798B923D19C3E0009E906 /* Release */,
			);
			defaultConfigurationIsVisible = 0;
			defaultConfigurationName = Release;
		};
/* End XCConfigurationList section */
	};
	rootObject = D697987F23D19C3C0009E906 /* Project object */;
}
